PODS:
  - HDCategory (0.1.2):
    - HDCategory/Foundation (= 0.1.2)
    - HDCategory/UIKit (= 0.1.2)
  - HDCategory/Foundation (0.1.2)
  - HDCategory/UIKit (0.1.2):
    - HDCategory/Foundation

DEPENDENCIES:
  - HDCategory (from `../`)

EXTERNAL SOURCES:
  HDCategory:
    :path: "../"

SPEC CHECKSUMS:
  HDCategory: ff1677da9202ea20979f19f954aeae68e0429144

PODFILE CHECKSUM: 9b6e988c975c1131a7a387241bfe49f0e37768f0

COCOAPODS: 1.11.3
